
Microsoft Visual Studio Solution File, Format Version 12.00
# Visual Studio Version 16
VisualStudioVersion = 16.0.30907.101
MinimumVisualStudioVersion = 10.0.40219.1
Project("{9A19103F-16F7-4668-BE54-9A1E7A4F7556}") = "PetCareIoTMiddleware", "..\..\..\Desktop\Pet\PetCareIoTMiddleware\PetCareIoTMiddleware.csproj", "{C9EC4F7A-DA01-4DE0-A4C6-314E5902568A}"
EndProject
Project("{FAE04EC0-301F-11D3-BF4B-00C04F79EFBC}") = "PetCareIoT.Droid", "..\..\..\Desktop\Pet\PetCareIoT\PetCareIoT.Droid.csproj", "{A0DBFD76-E43E-46D3-B913-31D899354CE7}"
EndProject
Global
	GlobalSection(SolutionConfigurationPlatforms) = preSolution
		Debug|Any CPU = Debug|Any CPU
		Release|Any CPU = Release|Any CPU
	EndGlobalSection
	GlobalSection(ProjectConfigurationPlatforms) = postSolution
		{C9EC4F7A-DA01-4DE0-A4C6-314E5902568A}.Debug|Any CPU.ActiveCfg = Debug|Any CPU
		{C9EC4F7A-DA01-4DE0-A4C6-314E5902568A}.Debug|Any CPU.Build.0 = Debug|Any CPU
		{C9EC4F7A-DA01-4DE0-A4C6-314E5902568A}.Release|Any CPU.ActiveCfg = Release|Any CPU
		{C9EC4F7A-DA01-4DE0-A4C6-314E5902568A}.Release|Any CPU.Build.0 = Release|Any CPU
		{A0DBFD76-E43E-46D3-B913-31D899354CE7}.Debug|Any CPU.ActiveCfg = Debug|Any CPU
		{A0DBFD76-E43E-46D3-B913-31D899354CE7}.Debug|Any CPU.Build.0 = Debug|Any CPU
		{A0DBFD76-E43E-46D3-B913-31D899354CE7}.Debug|Any CPU.Deploy.0 = Debug|Any CPU
		{A0DBFD76-E43E-46D3-B913-31D899354CE7}.Release|Any CPU.ActiveCfg = Release|Any CPU
		{A0DBFD76-E43E-46D3-B913-31D899354CE7}.Release|Any CPU.Build.0 = Release|Any CPU
		{A0DBFD76-E43E-46D3-B913-31D899354CE7}.Release|Any CPU.Deploy.0 = Release|Any CPU
	EndGlobalSection
	GlobalSection(SolutionProperties) = preSolution
		HideSolutionNode = FALSE
	EndGlobalSection
	GlobalSection(ExtensibilityGlobals) = postSolution
		SolutionGuid = {400FFDCB-C283-4FAA-A336-140635684B3E}
	EndGlobalSection
EndGlobal
